// !$*UTF8*$!
{
	archiveVersion = 1;
	classes = {
	};
	objectVersion = 56;
	objects = {

/* Begin PBXBuildFile section */
		21021E742B7E56B500A1195A /* ConfirmationCodeInputView.swift in Sources */ = {isa = PBXBuildFile; fileRef = 21021E732B7E56B500A1195A /* ConfirmationCodeInputView.swift */; };
		2109E91C2B84980900F2E596 /* Heading.swift in Sources */ = {isa = PBXBuildFile; fileRef = 2109E91B2B84980900F2E596 /* Heading.swift */; };
		2109E91E2B84992100F2E596 /* FoodDiaryRow.swift in Sources */ = {isa = PBXBuildFile; fileRef = 2109E91D2B84992100F2E596 /* FoodDiaryRow.swift */; };
		2109EFB52BA398D300DC303C /* AddToFoodDiaryView.swift in Sources */ = {isa = PBXBuildFile; fileRef = 2109EFB42BA398D300DC303C /* AddToFoodDiaryView.swift */; };
		2109EFB72BA39E7B00DC303C /* WorkoutDiaryEntry.swift in Sources */ = {isa = PBXBuildFile; fileRef = 2109EFB62BA39E7B00DC303C /* WorkoutDiaryEntry.swift */; };
		2109EFB92BA39E9F00DC303C /* Workout.swift in Sources */ = {isa = PBXBuildFile; fileRef = 2109EFB82BA39E9F00DC303C /* Workout.swift */; };
		2109EFBB2BA39EB500DC303C /* Exercise.swift in Sources */ = {isa = PBXBuildFile; fileRef = 2109EFBA2BA39EB500DC303C /* Exercise.swift */; };
		210DA2F72B825B3B00F96B75 /* DiaryView.swift in Sources */ = {isa = PBXBuildFile; fileRef = 210DA2F62B825B3B00F96B75 /* DiaryView.swift */; };
		210DA2F92B825B5000F96B75 /* TrendsView.swift in Sources */ = {isa = PBXBuildFile; fileRef = 210DA2F82B825B5000F96B75 /* TrendsView.swift */; };
		210DA2FB2B825B6200F96B75 /* ProfileView.swift in Sources */ = {isa = PBXBuildFile; fileRef = 210DA2FA2B825B6200F96B75 /* ProfileView.swift */; };
		210DA2FD2B825FE900F96B75 /* StatCard.swift in Sources */ = {isa = PBXBuildFile; fileRef = 210DA2FC2B825FE900F96B75 /* StatCard.swift */; };
		210DA2FF2B826ABF00F96B75 /* ArticleCard.swift in Sources */ = {isa = PBXBuildFile; fileRef = 210DA2FE2B826ABF00F96B75 /* ArticleCard.swift */; };
		2132124D2BA8A1A2006548D3 /* NutritionalInfoTable.swift in Sources */ = {isa = PBXBuildFile; fileRef = 2132124C2BA8A1A2006548D3 /* NutritionalInfoTable.swift */; };
		214087772BA25929004E0B51 /* FoodDetailView.swift in Sources */ = {isa = PBXBuildFile; fileRef = 214087762BA25929004E0B51 /* FoodDetailView.swift */; };
		215D54322B757B1C00A07029 /* Registration.swift in Sources */ = {isa = PBXBuildFile; fileRef = 215D54312B757B1C00A07029 /* Registration.swift */; };
		21612DCB2B68E8FC00BF7740 /* RegistrationService.swift in Sources */ = {isa = PBXBuildFile; fileRef = 21612DCA2B68E8FC00BF7740 /* RegistrationService.swift */; };
		216604932B7D254A0097C73E /* ServiceModels.swift in Sources */ = {isa = PBXBuildFile; fileRef = 216604922B7D254A0097C73E /* ServiceModels.swift */; };
		216604952B7D25770097C73E /* AuthenticationService.swift in Sources */ = {isa = PBXBuildFile; fileRef = 216604942B7D25770097C73E /* AuthenticationService.swift */; };
		216604982B7D27F30097C73E /* Helpers.swift in Sources */ = {isa = PBXBuildFile; fileRef = 216604972B7D27F30097C73E /* Helpers.swift */; };
		21679B5B2B7EA8DA00314DFE /* UserViewModel.swift in Sources */ = {isa = PBXBuildFile; fileRef = 21679B5A2B7EA8DA00314DFE /* UserViewModel.swift */; };
		21679B5D2B7EA92A00314DFE /* UserService.swift in Sources */ = {isa = PBXBuildFile; fileRef = 21679B5C2B7EA92A00314DFE /* UserService.swift */; };
		2170E8A92BB4B7C400599C16 /* AddExerciseTypeDropdown.swift in Sources */ = {isa = PBXBuildFile; fileRef = 2170E8A82BB4B7C400599C16 /* AddExerciseTypeDropdown.swift */; };
		2170E8AB2BB4B86400599C16 /* AddExerciseTypeAlert.swift in Sources */ = {isa = PBXBuildFile; fileRef = 2170E8AA2BB4B86400599C16 /* AddExerciseTypeAlert.swift */; };
		2170E8AD2BB4BECC00599C16 /* DurationInput.swift in Sources */ = {isa = PBXBuildFile; fileRef = 2170E8AC2BB4BECC00599C16 /* DurationInput.swift */; };
		21729B292B94DC63009091B0 /* DataScannerRepresentable.swift in Sources */ = {isa = PBXBuildFile; fileRef = 21729B282B94DC63009091B0 /* DataScannerRepresentable.swift */; };
		21729B2B2B94DC7F009091B0 /* BarcodeScannerView.swift in Sources */ = {isa = PBXBuildFile; fileRef = 21729B2A2B94DC7F009091B0 /* BarcodeScannerView.swift */; };
		21729B2D2B9503C4009091B0 /* ProductView.swift in Sources */ = {isa = PBXBuildFile; fileRef = 21729B2C2B9503C4009091B0 /* ProductView.swift */; };
		2176078F2BAE2F85007C76BF /* AddWokroutView.swift in Sources */ = {isa = PBXBuildFile; fileRef = 2176078E2BAE2F85007C76BF /* AddWokroutView.swift */; };
		217607912BAE306F007C76BF /* AddToDropdown.swift in Sources */ = {isa = PBXBuildFile; fileRef = 217607902BAE306F007C76BF /* AddToDropdown.swift */; };
		217607972BAEF64D007C76BF /* AddToFoodDiaryViewModel.swift in Sources */ = {isa = PBXBuildFile; fileRef = 217607962BAEF64D007C76BF /* AddToFoodDiaryViewModel.swift */; };
		217607992BAEF6DC007C76BF /* OpenFoodFactsSearchResult.swift in Sources */ = {isa = PBXBuildFile; fileRef = 217607982BAEF6DC007C76BF /* OpenFoodFactsSearchResult.swift */; };
		2176079B2BAEF73A007C76BF /* FoodItemRow.swift in Sources */ = {isa = PBXBuildFile; fileRef = 2176079A2BAEF73A007C76BF /* FoodItemRow.swift */; };
		2177A8062BA0FB950042ABA8 /* DiaryService.swift in Sources */ = {isa = PBXBuildFile; fileRef = 2177A8052BA0FB950042ABA8 /* DiaryService.swift */; };
		218281C82BB35F2400603436 /* ExerciseType.swift in Sources */ = {isa = PBXBuildFile; fileRef = 218281C72BB35F2400603436 /* ExerciseType.swift */; };
		219461682BB076C700B57AA3 /* SetRepRow.swift in Sources */ = {isa = PBXBuildFile; fileRef = 219461672BB076C700B57AA3 /* SetRepRow.swift */; };
		2194616A2BB07E2400B57AA3 /* AddExerciseView.swift in Sources */ = {isa = PBXBuildFile; fileRef = 219461692BB07E2400B57AA3 /* AddExerciseView.swift */; };
		2194616C2BB080B500B57AA3 /* AddWorkoutViewModel.swift in Sources */ = {isa = PBXBuildFile; fileRef = 2194616B2BB080B500B57AA3 /* AddWorkoutViewModel.swift */; };
		2194616E2BB08A2200B57AA3 /* ExerciseCard.swift in Sources */ = {isa = PBXBuildFile; fileRef = 2194616D2BB08A2200B57AA3 /* ExerciseCard.swift */; };
		21B0AEAD2B9A62A5003C5142 /* ResetPasswordView.swift in Sources */ = {isa = PBXBuildFile; fileRef = 21B0AEAC2B9A62A5003C5142 /* ResetPasswordView.swift */; };
		21BE04272B937DD100ADCC8A /* RequestPasswordResetView.swift in Sources */ = {isa = PBXBuildFile; fileRef = 21BE04262B937DD100ADCC8A /* RequestPasswordResetView.swift */; };
		21BF71AF2BA75F480000F573 /* WorkoutDiaryRow.swift in Sources */ = {isa = PBXBuildFile; fileRef = 21BF71AE2BA75F480000F573 /* WorkoutDiaryRow.swift */; };
		21BF71B12BA7630E0000F573 /* WorkoutDetailView.swift in Sources */ = {isa = PBXBuildFile; fileRef = 21BF71B02BA7630E0000F573 /* WorkoutDetailView.swift */; };
		21BF71B32BA851AD0000F573 /* OpenFoodFactsService.swift in Sources */ = {isa = PBXBuildFile; fileRef = 21BF71B22BA851AD0000F573 /* OpenFoodFactsService.swift */; };
		21BFA5FC2B9E22820074F130 /* CacheEntry.swift in Sources */ = {isa = PBXBuildFile; fileRef = 21BFA5FB2B9E22820074F130 /* CacheEntry.swift */; };
		21BFA5FE2B9E230B0074F130 /* Cache.swift in Sources */ = {isa = PBXBuildFile; fileRef = 21BFA5FD2B9E230B0074F130 /* Cache.swift */; };
		21BFA6002B9E2A8E0074F130 /* DiaryViewModel.swift in Sources */ = {isa = PBXBuildFile; fileRef = 21BFA5FF2B9E2A8E0074F130 /* DiaryViewModel.swift */; };
		21D67E792B2B4522005FAC79 /* GymgrazeApp.swift in Sources */ = {isa = PBXBuildFile; fileRef = 21D67E782B2B4522005FAC79 /* GymgrazeApp.swift */; };
		21D67E7B2B2B4522005FAC79 /* ContentView.swift in Sources */ = {isa = PBXBuildFile; fileRef = 21D67E7A2B2B4522005FAC79 /* ContentView.swift */; };
		21D67E7D2B2B4523005FAC79 /* Assets.xcassets in Resources */ = {isa = PBXBuildFile; fileRef = 21D67E7C2B2B4523005FAC79 /* Assets.xcassets */; };
		21D67E802B2B4523005FAC79 /* Preview Assets.xcassets in Resources */ = {isa = PBXBuildFile; fileRef = 21D67E7F2B2B4523005FAC79 /* Preview Assets.xcassets */; };
		21D67E8C2B2B45CA005FAC79 /* LoginView.swift in Sources */ = {isa = PBXBuildFile; fileRef = 21D67E8B2B2B45CA005FAC79 /* LoginView.swift */; };
		21DE9BC72B936FA700F086EB /* SetGoalsView.swift in Sources */ = {isa = PBXBuildFile; fileRef = 21DE9BC62B936FA700F086EB /* SetGoalsView.swift */; };
		21E2B26A2B74C7EA001BBBFA /* RegistrationView.swift in Sources */ = {isa = PBXBuildFile; fileRef = 21E2B2692B74C7EA001BBBFA /* RegistrationView.swift */; };
		21E58F542B82594B00E31882 /* MainView.swift in Sources */ = {isa = PBXBuildFile; fileRef = 21E58F532B82594B00E31882 /* MainView.swift */; };
		21EC13C62B62FB1B00CF0814 /* User.swift in Sources */ = {isa = PBXBuildFile; fileRef = 21EC13C52B62FB1B00CF0814 /* User.swift */; };
		21EC13C82B62FD2A00CF0814 /* Goal.swift in Sources */ = {isa = PBXBuildFile; fileRef = 21EC13C72B62FD2A00CF0814 /* Goal.swift */; };
		21EC13CA2B62FD8900CF0814 /* Meal.swift in Sources */ = {isa = PBXBuildFile; fileRef = 21EC13C92B62FD8900CF0814 /* Meal.swift */; };
		21EC13CC2B62FDF100CF0814 /* Food.swift in Sources */ = {isa = PBXBuildFile; fileRef = 21EC13CB2B62FDF100CF0814 /* Food.swift */; };
		21EC13CE2B62FE6200CF0814 /* NutritionalInfo.swift in Sources */ = {isa = PBXBuildFile; fileRef = 21EC13CD2B62FE6200CF0814 /* NutritionalInfo.swift */; };
		21EC13D02B62FEB500CF0814 /* FoodDiaryEntry.swift in Sources */ = {isa = PBXBuildFile; fileRef = 21EC13CF2B62FEB500CF0814 /* FoodDiaryEntry.swift */; };
		21EC13D22B63003900CF0814 /* InputField.swift in Sources */ = {isa = PBXBuildFile; fileRef = 21EC13D12B63003900CF0814 /* InputField.swift */; };
		21EC13D42B6306A400CF0814 /* CTAButton.swift in Sources */ = {isa = PBXBuildFile; fileRef = 21EC13D32B6306A400CF0814 /* CTAButton.swift */; };
/* End PBXBuildFile section */

/* Begin PBXFileReference section */
		21021E732B7E56B500A1195A /* ConfirmationCodeInputView.swift */ = {isa = PBXFileReference; lastKnownFileType = sourcecode.swift; path = ConfirmationCodeInputView.swift; sourceTree = "<group>"; };
		2109E91B2B84980900F2E596 /* Heading.swift */ = {isa = PBXFileReference; lastKnownFileType = sourcecode.swift; path = Heading.swift; sourceTree = "<group>"; };
		2109E91D2B84992100F2E596 /* FoodDiaryRow.swift */ = {isa = PBXFileReference; lastKnownFileType = sourcecode.swift; path = FoodDiaryRow.swift; sourceTree = "<group>"; };
		2109EFB42BA398D300DC303C /* AddToFoodDiaryView.swift */ = {isa = PBXFileReference; lastKnownFileType = sourcecode.swift; path = AddToFoodDiaryView.swift; sourceTree = "<group>"; };
		2109EFB62BA39E7B00DC303C /* WorkoutDiaryEntry.swift */ = {isa = PBXFileReference; lastKnownFileType = sourcecode.swift; path = WorkoutDiaryEntry.swift; sourceTree = "<group>"; };
		2109EFB82BA39E9F00DC303C /* Workout.swift */ = {isa = PBXFileReference; lastKnownFileType = sourcecode.swift; path = Workout.swift; sourceTree = "<group>"; };
		2109EFBA2BA39EB500DC303C /* Exercise.swift */ = {isa = PBXFileReference; lastKnownFileType = sourcecode.swift; path = Exercise.swift; sourceTree = "<group>"; };
		210DA2F62B825B3B00F96B75 /* DiaryView.swift */ = {isa = PBXFileReference; lastKnownFileType = sourcecode.swift; path = DiaryView.swift; sourceTree = "<group>"; };
		210DA2F82B825B5000F96B75 /* TrendsView.swift */ = {isa = PBXFileReference; lastKnownFileType = sourcecode.swift; path = TrendsView.swift; sourceTree = "<group>"; };
		210DA2FA2B825B6200F96B75 /* ProfileView.swift */ = {isa = PBXFileReference; lastKnownFileType = sourcecode.swift; path = ProfileView.swift; sourceTree = "<group>"; };
		210DA2FC2B825FE900F96B75 /* StatCard.swift */ = {isa = PBXFileReference; lastKnownFileType = sourcecode.swift; path = StatCard.swift; sourceTree = "<group>"; };
		210DA2FE2B826ABF00F96B75 /* ArticleCard.swift */ = {isa = PBXFileReference; lastKnownFileType = sourcecode.swift; path = ArticleCard.swift; sourceTree = "<group>"; };
		2132124C2BA8A1A2006548D3 /* NutritionalInfoTable.swift */ = {isa = PBXFileReference; lastKnownFileType = sourcecode.swift; path = NutritionalInfoTable.swift; sourceTree = "<group>"; };
		214087762BA25929004E0B51 /* FoodDetailView.swift */ = {isa = PBXFileReference; lastKnownFileType = sourcecode.swift; path = FoodDetailView.swift; sourceTree = "<group>"; };
		215D54312B757B1C00A07029 /* Registration.swift */ = {isa = PBXFileReference; lastKnownFileType = sourcecode.swift; path = Registration.swift; sourceTree = "<group>"; };
		21612DCA2B68E8FC00BF7740 /* RegistrationService.swift */ = {isa = PBXFileReference; lastKnownFileType = sourcecode.swift; path = RegistrationService.swift; sourceTree = "<group>"; };
		216604922B7D254A0097C73E /* ServiceModels.swift */ = {isa = PBXFileReference; lastKnownFileType = sourcecode.swift; path = ServiceModels.swift; sourceTree = "<group>"; };
		216604942B7D25770097C73E /* AuthenticationService.swift */ = {isa = PBXFileReference; lastKnownFileType = sourcecode.swift; path = AuthenticationService.swift; sourceTree = "<group>"; };
		216604972B7D27F30097C73E /* Helpers.swift */ = {isa = PBXFileReference; lastKnownFileType = sourcecode.swift; path = Helpers.swift; sourceTree = "<group>"; };
		21679B5A2B7EA8DA00314DFE /* UserViewModel.swift */ = {isa = PBXFileReference; lastKnownFileType = sourcecode.swift; path = UserViewModel.swift; sourceTree = "<group>"; };
		21679B5C2B7EA92A00314DFE /* UserService.swift */ = {isa = PBXFileReference; lastKnownFileType = sourcecode.swift; path = UserService.swift; sourceTree = "<group>"; };
		2170E8A82BB4B7C400599C16 /* AddExerciseTypeDropdown.swift */ = {isa = PBXFileReference; lastKnownFileType = sourcecode.swift; path = AddExerciseTypeDropdown.swift; sourceTree = "<group>"; };
		2170E8AA2BB4B86400599C16 /* AddExerciseTypeAlert.swift */ = {isa = PBXFileReference; lastKnownFileType = sourcecode.swift; path = AddExerciseTypeAlert.swift; sourceTree = "<group>"; };
		2170E8AC2BB4BECC00599C16 /* DurationInput.swift */ = {isa = PBXFileReference; lastKnownFileType = sourcecode.swift; path = DurationInput.swift; sourceTree = "<group>"; };
		21729B272B94DA69009091B0 /* Info.plist */ = {isa = PBXFileReference; lastKnownFileType = text.plist.xml; path = Info.plist; sourceTree = "<group>"; };
		21729B282B94DC63009091B0 /* DataScannerRepresentable.swift */ = {isa = PBXFileReference; lastKnownFileType = sourcecode.swift; path = DataScannerRepresentable.swift; sourceTree = "<group>"; };
		21729B2A2B94DC7F009091B0 /* BarcodeScannerView.swift */ = {isa = PBXFileReference; lastKnownFileType = sourcecode.swift; path = BarcodeScannerView.swift; sourceTree = "<group>"; };
		21729B2C2B9503C4009091B0 /* ProductView.swift */ = {isa = PBXFileReference; lastKnownFileType = sourcecode.swift; path = ProductView.swift; sourceTree = "<group>"; };
		2176078E2BAE2F85007C76BF /* AddWokroutView.swift */ = {isa = PBXFileReference; lastKnownFileType = sourcecode.swift; path = AddWokroutView.swift; sourceTree = "<group>"; };
		217607902BAE306F007C76BF /* AddToDropdown.swift */ = {isa = PBXFileReference; lastKnownFileType = sourcecode.swift; path = AddToDropdown.swift; sourceTree = "<group>"; };
		217607962BAEF64D007C76BF /* AddToFoodDiaryViewModel.swift */ = {isa = PBXFileReference; lastKnownFileType = sourcecode.swift; path = AddToFoodDiaryViewModel.swift; sourceTree = "<group>"; };
		217607982BAEF6DC007C76BF /* OpenFoodFactsSearchResult.swift */ = {isa = PBXFileReference; lastKnownFileType = sourcecode.swift; path = OpenFoodFactsSearchResult.swift; sourceTree = "<group>"; };
		2176079A2BAEF73A007C76BF /* FoodItemRow.swift */ = {isa = PBXFileReference; lastKnownFileType = sourcecode.swift; path = FoodItemRow.swift; sourceTree = "<group>"; };
		2177A8052BA0FB950042ABA8 /* DiaryService.swift */ = {isa = PBXFileReference; lastKnownFileType = sourcecode.swift; path = DiaryService.swift; sourceTree = "<group>"; };
		218281C72BB35F2400603436 /* ExerciseType.swift */ = {isa = PBXFileReference; lastKnownFileType = sourcecode.swift; path = ExerciseType.swift; sourceTree = "<group>"; };
		219461672BB076C700B57AA3 /* SetRepRow.swift */ = {isa = PBXFileReference; lastKnownFileType = sourcecode.swift; path = SetRepRow.swift; sourceTree = "<group>"; };
		219461692BB07E2400B57AA3 /* AddExerciseView.swift */ = {isa = PBXFileReference; lastKnownFileType = sourcecode.swift; path = AddExerciseView.swift; sourceTree = "<group>"; };
		2194616B2BB080B500B57AA3 /* AddWorkoutViewModel.swift */ = {isa = PBXFileReference; lastKnownFileType = sourcecode.swift; path = AddWorkoutViewModel.swift; sourceTree = "<group>"; };
		2194616D2BB08A2200B57AA3 /* ExerciseCard.swift */ = {isa = PBXFileReference; lastKnownFileType = sourcecode.swift; path = ExerciseCard.swift; sourceTree = "<group>"; };
		21B0AEAC2B9A62A5003C5142 /* ResetPasswordView.swift */ = {isa = PBXFileReference; lastKnownFileType = sourcecode.swift; path = ResetPasswordView.swift; sourceTree = "<group>"; };
		21BE04262B937DD100ADCC8A /* RequestPasswordResetView.swift */ = {isa = PBXFileReference; lastKnownFileType = sourcecode.swift; path = RequestPasswordResetView.swift; sourceTree = "<group>"; };
		21BF71AE2BA75F480000F573 /* WorkoutDiaryRow.swift */ = {isa = PBXFileReference; lastKnownFileType = sourcecode.swift; path = WorkoutDiaryRow.swift; sourceTree = "<group>"; };
		21BF71B02BA7630E0000F573 /* WorkoutDetailView.swift */ = {isa = PBXFileReference; lastKnownFileType = sourcecode.swift; path = WorkoutDetailView.swift; sourceTree = "<group>"; };
		21BF71B22BA851AD0000F573 /* OpenFoodFactsService.swift */ = {isa = PBXFileReference; lastKnownFileType = sourcecode.swift; path = OpenFoodFactsService.swift; sourceTree = "<group>"; };
		21BFA5FB2B9E22820074F130 /* CacheEntry.swift */ = {isa = PBXFileReference; lastKnownFileType = sourcecode.swift; path = CacheEntry.swift; sourceTree = "<group>"; };
		21BFA5FD2B9E230B0074F130 /* Cache.swift */ = {isa = PBXFileReference; lastKnownFileType = sourcecode.swift; path = Cache.swift; sourceTree = "<group>"; };
		21BFA5FF2B9E2A8E0074F130 /* DiaryViewModel.swift */ = {isa = PBXFileReference; lastKnownFileType = sourcecode.swift; path = DiaryViewModel.swift; sourceTree = "<group>"; };
		21D67E752B2B4522005FAC79 /* Gymgraze.app */ = {isa = PBXFileReference; explicitFileType = wrapper.application; includeInIndex = 0; path = Gymgraze.app; sourceTree = BUILT_PRODUCTS_DIR; };
		21D67E782B2B4522005FAC79 /* GymgrazeApp.swift */ = {isa = PBXFileReference; lastKnownFileType = sourcecode.swift; path = GymgrazeApp.swift; sourceTree = "<group>"; };
		21D67E7A2B2B4522005FAC79 /* ContentView.swift */ = {isa = PBXFileReference; lastKnownFileType = sourcecode.swift; path = ContentView.swift; sourceTree = "<group>"; };
		21D67E7C2B2B4523005FAC79 /* Assets.xcassets */ = {isa = PBXFileReference; lastKnownFileType = folder.assetcatalog; path = Assets.xcassets; sourceTree = "<group>"; };
		21D67E7F2B2B4523005FAC79 /* Preview Assets.xcassets */ = {isa = PBXFileReference; lastKnownFileType = folder.assetcatalog; path = "Preview Assets.xcassets"; sourceTree = "<group>"; };
		21D67E8B2B2B45CA005FAC79 /* LoginView.swift */ = {isa = PBXFileReference; lastKnownFileType = sourcecode.swift; path = LoginView.swift; sourceTree = "<group>"; };
		21DE9BC62B936FA700F086EB /* SetGoalsView.swift */ = {isa = PBXFileReference; lastKnownFileType = sourcecode.swift; path = SetGoalsView.swift; sourceTree = "<group>"; };
		21E2B2692B74C7EA001BBBFA /* RegistrationView.swift */ = {isa = PBXFileReference; lastKnownFileType = sourcecode.swift; path = RegistrationView.swift; sourceTree = "<group>"; };
		21E58F532B82594B00E31882 /* MainView.swift */ = {isa = PBXFileReference; lastKnownFileType = sourcecode.swift; path = MainView.swift; sourceTree = "<group>"; };
		21EC13C52B62FB1B00CF0814 /* User.swift */ = {isa = PBXFileReference; lastKnownFileType = sourcecode.swift; path = User.swift; sourceTree = "<group>"; };
		21EC13C72B62FD2A00CF0814 /* Goal.swift */ = {isa = PBXFileReference; lastKnownFileType = sourcecode.swift; path = Goal.swift; sourceTree = "<group>"; };
		21EC13C92B62FD8900CF0814 /* Meal.swift */ = {isa = PBXFileReference; lastKnownFileType = sourcecode.swift; path = Meal.swift; sourceTree = "<group>"; };
		21EC13CB2B62FDF100CF0814 /* Food.swift */ = {isa = PBXFileReference; lastKnownFileType = sourcecode.swift; path = Food.swift; sourceTree = "<group>"; };
		21EC13CD2B62FE6200CF0814 /* NutritionalInfo.swift */ = {isa = PBXFileReference; lastKnownFileType = sourcecode.swift; path = NutritionalInfo.swift; sourceTree = "<group>"; };
		21EC13CF2B62FEB500CF0814 /* FoodDiaryEntry.swift */ = {isa = PBXFileReference; lastKnownFileType = sourcecode.swift; path = FoodDiaryEntry.swift; sourceTree = "<group>"; };
		21EC13D12B63003900CF0814 /* InputField.swift */ = {isa = PBXFileReference; lastKnownFileType = sourcecode.swift; path = InputField.swift; sourceTree = "<group>"; };
		21EC13D32B6306A400CF0814 /* CTAButton.swift */ = {isa = PBXFileReference; lastKnownFileType = sourcecode.swift; path = CTAButton.swift; sourceTree = "<group>"; };
/* End PBXFileReference section */

/* Begin PBXFrameworksBuildPhase section */
		21D67E722B2B4522005FAC79 /* Frameworks */ = {
			isa = PBXFrameworksBuildPhase;
			buildActionMask = 2147483647;
			files = (
			);
			runOnlyForDeploymentPostprocessing = 0;
		};
/* End PBXFrameworksBuildPhase section */

/* Begin PBXGroup section */
		2109EFB32BA398B400DC303C /* Diary */ = {
			isa = PBXGroup;
			children = (
				210DA2F62B825B3B00F96B75 /* DiaryView.swift */,
				21729B2A2B94DC7F009091B0 /* BarcodeScannerView.swift */,
				214087762BA25929004E0B51 /* FoodDetailView.swift */,
				2109EFB42BA398D300DC303C /* AddToFoodDiaryView.swift */,
				2176078E2BAE2F85007C76BF /* AddWokroutView.swift */,
				21BF71B02BA7630E0000F573 /* WorkoutDetailView.swift */,
				21729B2C2B9503C4009091B0 /* ProductView.swift */,
				219461692BB07E2400B57AA3 /* AddExerciseView.swift */,
			);
			path = Diary;
			sourceTree = "<group>";
		};
		214087782BA2F18F004E0B51 /* RegAndAuth */ = {
			isa = PBXGroup;
			children = (
				21E2B2692B74C7EA001BBBFA /* RegistrationView.swift */,
				21021E732B7E56B500A1195A /* ConfirmationCodeInputView.swift */,
				21DE9BC62B936FA700F086EB /* SetGoalsView.swift */,
				21D67E8B2B2B45CA005FAC79 /* LoginView.swift */,
				21BE04262B937DD100ADCC8A /* RequestPasswordResetView.swift */,
				21B0AEAC2B9A62A5003C5142 /* ResetPasswordView.swift */,
			);
			path = RegAndAuth;
			sourceTree = "<group>";
		};
		21BFA5FA2B9E22690074F130 /* Cache */ = {
			isa = PBXGroup;
			children = (
				21BFA5FB2B9E22820074F130 /* CacheEntry.swift */,
				21BFA5FD2B9E230B0074F130 /* Cache.swift */,
			);
			path = Cache;
			sourceTree = "<group>";
		};
		21D67E6C2B2B4522005FAC79 = {
			isa = PBXGroup;
			children = (
				21D67E772B2B4522005FAC79 /* Gymgraze */,
				21D67E762B2B4522005FAC79 /* Products */,
			);
			sourceTree = "<group>";
		};
		21D67E762B2B4522005FAC79 /* Products */ = {
			isa = PBXGroup;
			children = (
				21D67E752B2B4522005FAC79 /* Gymgraze.app */,
			);
			name = Products;
			sourceTree = "<group>";
		};
		21D67E772B2B4522005FAC79 /* Gymgraze */ = {
			isa = PBXGroup;
			children = (
				21729B282B94DC63009091B0 /* DataScannerRepresentable.swift */,
				21729B272B94DA69009091B0 /* Info.plist */,
				21EC13C22B62FAE500CF0814 /* ViewModels */,
				21BFA5FA2B9E22690074F130 /* Cache */,
				21EC13C12B62FACE00CF0814 /* Models */,
				21D67E872B2B458F005FAC79 /* Services */,
				21D67E862B2B4587005FAC79 /* Views */,
				21D67E782B2B4522005FAC79 /* GymgrazeApp.swift */,
				21D67E7A2B2B4522005FAC79 /* ContentView.swift */,
				216604972B7D27F30097C73E /* Helpers.swift */,
				21D67E7C2B2B4523005FAC79 /* Assets.xcassets */,
				21D67E7E2B2B4523005FAC79 /* Preview Content */,
			);
			path = Gymgraze;
			sourceTree = "<group>";
		};
		21D67E7E2B2B4523005FAC79 /* Preview Content */ = {
			isa = PBXGroup;
			children = (
				21D67E7F2B2B4523005FAC79 /* Preview Assets.xcassets */,
			);
			path = "Preview Content";
			sourceTree = "<group>";
		};
		21D67E862B2B4587005FAC79 /* Views */ = {
			isa = PBXGroup;
			children = (
				21E58F532B82594B00E31882 /* MainView.swift */,
				210DA2F82B825B5000F96B75 /* TrendsView.swift */,
				210DA2FA2B825B6200F96B75 /* ProfileView.swift */,
				2109EFB32BA398B400DC303C /* Diary */,
				214087782BA2F18F004E0B51 /* RegAndAuth */,
				21D67E8F2B2B45D8005FAC79 /* Components */,
			);
			path = Views;
			sourceTree = "<group>";
		};
		21D67E872B2B458F005FAC79 /* Services */ = {
			isa = PBXGroup;
			children = (
				21612DCA2B68E8FC00BF7740 /* RegistrationService.swift */,
				216604922B7D254A0097C73E /* ServiceModels.swift */,
				216604942B7D25770097C73E /* AuthenticationService.swift */,
				21679B5C2B7EA92A00314DFE /* UserService.swift */,
				2177A8052BA0FB950042ABA8 /* DiaryService.swift */,
				21BF71B22BA851AD0000F573 /* OpenFoodFactsService.swift */,
			);
			path = Services;
			sourceTree = "<group>";
		};
		21D67E8F2B2B45D8005FAC79 /* Components */ = {
			isa = PBXGroup;
			children = (
				21EC13D12B63003900CF0814 /* InputField.swift */,
				21EC13D32B6306A400CF0814 /* CTAButton.swift */,
				210DA2FC2B825FE900F96B75 /* StatCard.swift */,
				210DA2FE2B826ABF00F96B75 /* ArticleCard.swift */,
				2109E91B2B84980900F2E596 /* Heading.swift */,
				2109E91D2B84992100F2E596 /* FoodDiaryRow.swift */,
				21BF71AE2BA75F480000F573 /* WorkoutDiaryRow.swift */,
				2132124C2BA8A1A2006548D3 /* NutritionalInfoTable.swift */,
				217607902BAE306F007C76BF /* AddToDropdown.swift */,
				2176079A2BAEF73A007C76BF /* FoodItemRow.swift */,
				219461672BB076C700B57AA3 /* SetRepRow.swift */,
				2194616D2BB08A2200B57AA3 /* ExerciseCard.swift */,
				2170E8A82BB4B7C400599C16 /* AddExerciseTypeDropdown.swift */,
				2170E8AA2BB4B86400599C16 /* AddExerciseTypeAlert.swift */,
				2170E8AC2BB4BECC00599C16 /* DurationInput.swift */,
			);
			path = Components;
			sourceTree = "<group>";
		};
		21EC13C12B62FACE00CF0814 /* Models */ = {
			isa = PBXGroup;
			children = (
				21EC13C52B62FB1B00CF0814 /* User.swift */,
				21EC13C72B62FD2A00CF0814 /* Goal.swift */,
				21EC13C92B62FD8900CF0814 /* Meal.swift */,
				21EC13CB2B62FDF100CF0814 /* Food.swift */,
				21EC13CD2B62FE6200CF0814 /* NutritionalInfo.swift */,
				21EC13CF2B62FEB500CF0814 /* FoodDiaryEntry.swift */,
				215D54312B757B1C00A07029 /* Registration.swift */,
				2109EFB62BA39E7B00DC303C /* WorkoutDiaryEntry.swift */,
				2109EFB82BA39E9F00DC303C /* Workout.swift */,
				2109EFBA2BA39EB500DC303C /* Exercise.swift */,
				217607982BAEF6DC007C76BF /* OpenFoodFactsSearchResult.swift */,
				218281C72BB35F2400603436 /* ExerciseType.swift */,
			);
			path = Models;
			sourceTree = "<group>";
		};
		21EC13C22B62FAE500CF0814 /* ViewModels */ = {
			isa = PBXGroup;
			children = (
				21679B5A2B7EA8DA00314DFE /* UserViewModel.swift */,
				21BFA5FF2B9E2A8E0074F130 /* DiaryViewModel.swift */,
				217607962BAEF64D007C76BF /* AddToFoodDiaryViewModel.swift */,
				2194616B2BB080B500B57AA3 /* AddWorkoutViewModel.swift */,
			);
			path = ViewModels;
			sourceTree = "<group>";
		};
/* End PBXGroup section */

/* Begin PBXNativeTarget section */
		21D67E742B2B4522005FAC79 /* Gymgraze */ = {
			isa = PBXNativeTarget;
			buildConfigurationList = 21D67E832B2B4523005FAC79 /* Build configuration list for PBXNativeTarget "Gymgraze" */;
			buildPhases = (
				21D67E712B2B4522005FAC79 /* Sources */,
				21D67E722B2B4522005FAC79 /* Frameworks */,
				21D67E732B2B4522005FAC79 /* Resources */,
			);
			buildRules = (
			);
			dependencies = (
			);
			name = Gymgraze;
			productName = Gymgraze;
			productReference = 21D67E752B2B4522005FAC79 /* Gymgraze.app */;
			productType = "com.apple.product-type.application";
		};
/* End PBXNativeTarget section */

/* Begin PBXProject section */
		21D67E6D2B2B4522005FAC79 /* Project object */ = {
			isa = PBXProject;
			attributes = {
				BuildIndependentTargetsInParallel = 1;
				LastSwiftUpdateCheck = 1510;
				LastUpgradeCheck = 1510;
				TargetAttributes = {
					21D67E742B2B4522005FAC79 = {
						CreatedOnToolsVersion = 15.1;
					};
				};
			};
			buildConfigurationList = 21D67E702B2B4522005FAC79 /* Build configuration list for PBXProject "Gymgraze" */;
			compatibilityVersion = "Xcode 14.0";
			developmentRegion = en;
			hasScannedForEncodings = 0;
			knownRegions = (
				en,
				Base,
			);
			mainGroup = 21D67E6C2B2B4522005FAC79;
			productRefGroup = 21D67E762B2B4522005FAC79 /* Products */;
			projectDirPath = "";
			projectRoot = "";
			targets = (
				21D67E742B2B4522005FAC79 /* Gymgraze */,
			);
		};
/* End PBXProject section */

/* Begin PBXResourcesBuildPhase section */
		21D67E732B2B4522005FAC79 /* Resources */ = {
			isa = PBXResourcesBuildPhase;
			buildActionMask = 2147483647;
			files = (
				21D67E802B2B4523005FAC79 /* Preview Assets.xcassets in Resources */,
				21D67E7D2B2B4523005FAC79 /* Assets.xcassets in Resources */,
			);
			runOnlyForDeploymentPostprocessing = 0;
		};
/* End PBXResourcesBuildPhase section */

/* Begin PBXSourcesBuildPhase section */
		21D67E712B2B4522005FAC79 /* Sources */ = {
			isa = PBXSourcesBuildPhase;
			buildActionMask = 2147483647;
			files = (
				2109EFB52BA398D300DC303C /* AddToFoodDiaryView.swift in Sources */,
				21612DCB2B68E8FC00BF7740 /* RegistrationService.swift in Sources */,
				2132124D2BA8A1A2006548D3 /* NutritionalInfoTable.swift in Sources */,
				21021E742B7E56B500A1195A /* ConfirmationCodeInputView.swift in Sources */,
				21BF71B32BA851AD0000F573 /* OpenFoodFactsService.swift in Sources */,
				21729B2B2B94DC7F009091B0 /* BarcodeScannerView.swift in Sources */,
				21B0AEAD2B9A62A5003C5142 /* ResetPasswordView.swift in Sources */,
				2176079B2BAEF73A007C76BF /* FoodItemRow.swift in Sources */,
				216604982B7D27F30097C73E /* Helpers.swift in Sources */,
				21EC13CE2B62FE6200CF0814 /* NutritionalInfo.swift in Sources */,
				21EC13D42B6306A400CF0814 /* CTAButton.swift in Sources */,
				216604952B7D25770097C73E /* AuthenticationService.swift in Sources */,
				21679B5D2B7EA92A00314DFE /* UserService.swift in Sources */,
				2177A8062BA0FB950042ABA8 /* DiaryService.swift in Sources */,
				21E2B26A2B74C7EA001BBBFA /* RegistrationView.swift in Sources */,
				2194616C2BB080B500B57AA3 /* AddWorkoutViewModel.swift in Sources */,
				21BF71B12BA7630E0000F573 /* WorkoutDetailView.swift in Sources */,
				21BFA5FE2B9E230B0074F130 /* Cache.swift in Sources */,
				21EC13D22B63003900CF0814 /* InputField.swift in Sources */,
				210DA2FD2B825FE900F96B75 /* StatCard.swift in Sources */,
				2109EFB72BA39E7B00DC303C /* WorkoutDiaryEntry.swift in Sources */,
				21EC13D02B62FEB500CF0814 /* FoodDiaryEntry.swift in Sources */,
				21D67E8C2B2B45CA005FAC79 /* LoginView.swift in Sources */,
				21EC13CA2B62FD8900CF0814 /* Meal.swift in Sources */,
				21D67E7B2B2B4522005FAC79 /* ContentView.swift in Sources */,
				210DA2FB2B825B6200F96B75 /* ProfileView.swift in Sources */,
				21DE9BC72B936FA700F086EB /* SetGoalsView.swift in Sources */,
				217607992BAEF6DC007C76BF /* OpenFoodFactsSearchResult.swift in Sources */,
				2109EFBB2BA39EB500DC303C /* Exercise.swift in Sources */,
				2194616A2BB07E2400B57AA3 /* AddExerciseView.swift in Sources */,
				210DA2F72B825B3B00F96B75 /* DiaryView.swift in Sources */,
				2109EFB92BA39E9F00DC303C /* Workout.swift in Sources */,
				21BFA6002B9E2A8E0074F130 /* DiaryViewModel.swift in Sources */,
				210DA2F92B825B5000F96B75 /* TrendsView.swift in Sources */,
				219461682BB076C700B57AA3 /* SetRepRow.swift in Sources */,
				214087772BA25929004E0B51 /* FoodDetailView.swift in Sources */,
				217607912BAE306F007C76BF /* AddToDropdown.swift in Sources */,
				21EC13C62B62FB1B00CF0814 /* User.swift in Sources */,
				2170E8A92BB4B7C400599C16 /* AddExerciseTypeDropdown.swift in Sources */,
				21EC13CC2B62FDF100CF0814 /* Food.swift in Sources */,
				2170E8AD2BB4BECC00599C16 /* DurationInput.swift in Sources */,
				2176078F2BAE2F85007C76BF /* AddWokroutView.swift in Sources */,
				21EC13C82B62FD2A00CF0814 /* Goal.swift in Sources */,
				21BE04272B937DD100ADCC8A /* RequestPasswordResetView.swift in Sources */,
				21BF71AF2BA75F480000F573 /* WorkoutDiaryRow.swift in Sources */,
				21729B2D2B9503C4009091B0 /* ProductView.swift in Sources */,
				215D54322B757B1C00A07029 /* Registration.swift in Sources */,
				21E58F542B82594B00E31882 /* MainView.swift in Sources */,
				21D67E792B2B4522005FAC79 /* GymgrazeApp.swift in Sources */,
				218281C82BB35F2400603436 /* ExerciseType.swift in Sources */,
				21679B5B2B7EA8DA00314DFE /* UserViewModel.swift in Sources */,
				210DA2FF2B826ABF00F96B75 /* ArticleCard.swift in Sources */,
				2170E8AB2BB4B86400599C16 /* AddExerciseTypeAlert.swift in Sources */,
				21BFA5FC2B9E22820074F130 /* CacheEntry.swift in Sources */,
				2109E91C2B84980900F2E596 /* Heading.swift in Sources */,
				21729B292B94DC63009091B0 /* DataScannerRepresentable.swift in Sources */,
				217607972BAEF64D007C76BF /* AddToFoodDiaryViewModel.swift in Sources */,
				2109E91E2B84992100F2E596 /* FoodDiaryRow.swift in Sources */,
				216604932B7D254A0097C73E /* ServiceModels.swift in Sources */,
				2194616E2BB08A2200B57AA3 /* ExerciseCard.swift in Sources */,
			);
			runOnlyForDeploymentPostprocessing = 0;
		};
/* End PBXSourcesBuildPhase section */

/* Begin XCBuildConfiguration section */
		21D67E812B2B4523005FAC79 /* Debug */ = {
			isa = XCBuildConfiguration;
			buildSettings = {
				ALWAYS_SEARCH_USER_PATHS = NO;
				ASSETCATALOG_COMPILER_GENERATE_SWIFT_ASSET_SYMBOL_EXTENSIONS = YES;
				CLANG_ANALYZER_NONNULL = YES;
				CLANG_ANALYZER_NUMBER_OBJECT_CONVERSION = YES_AGGRESSIVE;
				CLANG_CXX_LANGUAGE_STANDARD = "gnu++20";
				CLANG_ENABLE_MODULES = YES;
				CLANG_ENABLE_OBJC_ARC = YES;
				CLANG_ENABLE_OBJC_WEAK = YES;
				CLANG_WARN_BLOCK_CAPTURE_AUTORELEASING = YES;
				CLANG_WARN_BOOL_CONVERSION = YES;
				CLANG_WARN_COMMA = YES;
				CLANG_WARN_CONSTANT_CONVERSION = YES;
				CLANG_WARN_DEPRECATED_OBJC_IMPLEMENTATIONS = YES;
				CLANG_WARN_DIRECT_OBJC_ISA_USAGE = YES_ERROR;
				CLANG_WARN_DOCUMENTATION_COMMENTS = YES;
				CLANG_WARN_EMPTY_BODY = YES;
				CLANG_WARN_ENUM_CONVERSION = YES;
				CLANG_WARN_INFINITE_RECURSION = YES;
				CLANG_WARN_INT_CONVERSION = YES;
				CLANG_WARN_NON_LITERAL_NULL_CONVERSION = YES;
				CLANG_WARN_OBJC_IMPLICIT_RETAIN_SELF = YES;
				CLANG_WARN_OBJC_LITERAL_CONVERSION = YES;
				CLANG_WARN_OBJC_ROOT_CLASS = YES_ERROR;
				CLANG_WARN_QUOTED_INCLUDE_IN_FRAMEWORK_HEADER = YES;
				CLANG_WARN_RANGE_LOOP_ANALYSIS = YES;
				CLANG_WARN_STRICT_PROTOTYPES = YES;
				CLANG_WARN_SUSPICIOUS_MOVE = YES;
				CLANG_WARN_UNGUARDED_AVAILABILITY = YES_AGGRESSIVE;
				CLANG_WARN_UNREACHABLE_CODE = YES;
				CLANG_WARN__DUPLICATE_METHOD_MATCH = YES;
				COPY_PHASE_STRIP = NO;
				DEBUG_INFORMATION_FORMAT = dwarf;
				ENABLE_STRICT_OBJC_MSGSEND = YES;
				ENABLE_TESTABILITY = YES;
				ENABLE_USER_SCRIPT_SANDBOXING = YES;
				GCC_C_LANGUAGE_STANDARD = gnu17;
				GCC_DYNAMIC_NO_PIC = NO;
				GCC_NO_COMMON_BLOCKS = YES;
				GCC_OPTIMIZATION_LEVEL = 0;
				GCC_PREPROCESSOR_DEFINITIONS = (
					"DEBUG=1",
					"$(inherited)",
				);
				GCC_WARN_64_TO_32_BIT_CONVERSION = YES;
				GCC_WARN_ABOUT_RETURN_TYPE = YES_ERROR;
				GCC_WARN_UNDECLARED_SELECTOR = YES;
				GCC_WARN_UNINITIALIZED_AUTOS = YES_AGGRESSIVE;
				GCC_WARN_UNUSED_FUNCTION = YES;
				GCC_WARN_UNUSED_VARIABLE = YES;
				IPHONEOS_DEPLOYMENT_TARGET = 17.2;
				LOCALIZATION_PREFERS_STRING_CATALOGS = YES;
				MTL_ENABLE_DEBUG_INFO = INCLUDE_SOURCE;
				MTL_FAST_MATH = YES;
				ONLY_ACTIVE_ARCH = YES;
				SDKROOT = iphoneos;
				SWIFT_ACTIVE_COMPILATION_CONDITIONS = "DEBUG $(inherited)";
				SWIFT_OPTIMIZATION_LEVEL = "-Onone";
			};
			name = Debug;
		};
		21D67E822B2B4523005FAC79 /* Release */ = {
			isa = XCBuildConfiguration;
			buildSettings = {
				ALWAYS_SEARCH_USER_PATHS = NO;
				ASSETCATALOG_COMPILER_GENERATE_SWIFT_ASSET_SYMBOL_EXTENSIONS = YES;
				CLANG_ANALYZER_NONNULL = YES;
				CLANG_ANALYZER_NUMBER_OBJECT_CONVERSION = YES_AGGRESSIVE;
				CLANG_CXX_LANGUAGE_STANDARD = "gnu++20";
				CLANG_ENABLE_MODULES = YES;
				CLANG_ENABLE_OBJC_ARC = YES;
				CLANG_ENABLE_OBJC_WEAK = YES;
				CLANG_WARN_BLOCK_CAPTURE_AUTORELEASING = YES;
				CLANG_WARN_BOOL_CONVERSION = YES;
				CLANG_WARN_COMMA = YES;
				CLANG_WARN_CONSTANT_CONVERSION = YES;
				CLANG_WARN_DEPRECATED_OBJC_IMPLEMENTATIONS = YES;
				CLANG_WARN_DIRECT_OBJC_ISA_USAGE = YES_ERROR;
				CLANG_WARN_DOCUMENTATION_COMMENTS = YES;
				CLANG_WARN_EMPTY_BODY = YES;
				CLANG_WARN_ENUM_CONVERSION = YES;
				CLANG_WARN_INFINITE_RECURSION = YES;
				CLANG_WARN_INT_CONVERSION = YES;
				CLANG_WARN_NON_LITERAL_NULL_CONVERSION = YES;
				CLANG_WARN_OBJC_IMPLICIT_RETAIN_SELF = YES;
				CLANG_WARN_OBJC_LITERAL_CONVERSION = YES;
				CLANG_WARN_OBJC_ROOT_CLASS = YES_ERROR;
				CLANG_WARN_QUOTED_INCLUDE_IN_FRAMEWORK_HEADER = YES;
				CLANG_WARN_RANGE_LOOP_ANALYSIS = YES;
				CLANG_WARN_STRICT_PROTOTYPES = YES;
				CLANG_WARN_SUSPICIOUS_MOVE = YES;
				CLANG_WARN_UNGUARDED_AVAILABILITY = YES_AGGRESSIVE;
				CLANG_WARN_UNREACHABLE_CODE = YES;
				CLANG_WARN__DUPLICATE_METHOD_MATCH = YES;
				COPY_PHASE_STRIP = NO;
				DEBUG_INFORMATION_FORMAT = "dwarf-with-dsym";
				ENABLE_NS_ASSERTIONS = NO;
				ENABLE_STRICT_OBJC_MSGSEND = YES;
				ENABLE_USER_SCRIPT_SANDBOXING = YES;
				GCC_C_LANGUAGE_STANDARD = gnu17;
				GCC_NO_COMMON_BLOCKS = YES;
				GCC_WARN_64_TO_32_BIT_CONVERSION = YES;
				GCC_WARN_ABOUT_RETURN_TYPE = YES_ERROR;
				GCC_WARN_UNDECLARED_SELECTOR = YES;
				GCC_WARN_UNINITIALIZED_AUTOS = YES_AGGRESSIVE;
				GCC_WARN_UNUSED_FUNCTION = YES;
				GCC_WARN_UNUSED_VARIABLE = YES;
				IPHONEOS_DEPLOYMENT_TARGET = 17.2;
				LOCALIZATION_PREFERS_STRING_CATALOGS = YES;
				MTL_ENABLE_DEBUG_INFO = NO;
				MTL_FAST_MATH = YES;
				SDKROOT = iphoneos;
				SWIFT_COMPILATION_MODE = wholemodule;
				VALIDATE_PRODUCT = YES;
			};
			name = Release;
		};
		21D67E842B2B4523005FAC79 /* Debug */ = {
			isa = XCBuildConfiguration;
			buildSettings = {
				ASSETCATALOG_COMPILER_APPICON_NAME = AppIcon;
				ASSETCATALOG_COMPILER_GLOBAL_ACCENT_COLOR_NAME = AccentColor;
				CODE_SIGN_IDENTITY = "Apple Development";
				CODE_SIGN_STYLE = Automatic;
				CURRENT_PROJECT_VERSION = 1;
				DEVELOPMENT_ASSET_PATHS = "\"Gymgraze/Preview Content\"";
				DEVELOPMENT_TEAM = B3N5CV4QAH;
				ENABLE_PREVIEWS = YES;
				GENERATE_INFOPLIST_FILE = YES;
				INFOPLIST_FILE = Gymgraze/Info.plist;
				INFOPLIST_KEY_NSCameraUsageDescription = "This app needs access to the camera to scan barcodes";
				INFOPLIST_KEY_UIApplicationSceneManifest_Generation = YES;
				INFOPLIST_KEY_UIApplicationSupportsIndirectInputEvents = YES;
				INFOPLIST_KEY_UILaunchScreen_Generation = YES;
				INFOPLIST_KEY_UISupportedInterfaceOrientations_iPad = "UIInterfaceOrientationPortrait UIInterfaceOrientationPortraitUpsideDown UIInterfaceOrientationLandscapeLeft UIInterfaceOrientationLandscapeRight";
				INFOPLIST_KEY_UISupportedInterfaceOrientations_iPhone = "UIInterfaceOrientationPortrait UIInterfaceOrientationLandscapeLeft UIInterfaceOrientationLandscapeRight";
				LD_RUNPATH_SEARCH_PATHS = (
					"$(inherited)",
					"@executable_path/Frameworks",
				);
				MARKETING_VERSION = 1.0;
				PRODUCT_BUNDLE_IDENTIFIER = ibskoric.intercom.Gymgraze;
				PRODUCT_NAME = "$(TARGET_NAME)";
				PROVISIONING_PROFILE_SPECIFIER = "";
				SWIFT_EMIT_LOC_STRINGS = YES;
				SWIFT_VERSION = 5.0;
				TARGETED_DEVICE_FAMILY = "1,2";
			};
			name = Debug;
		};
		21D67E852B2B4523005FAC79 /* Release */ = {
			isa = XCBuildConfiguration;
			buildSettings = {
				ASSETCATALOG_COMPILER_APPICON_NAME = AppIcon;
				ASSETCATALOG_COMPILER_GLOBAL_ACCENT_COLOR_NAME = AccentColor;
				CODE_SIGN_IDENTITY = "Apple Development";
				CODE_SIGN_STYLE = Automatic;
				CURRENT_PROJECT_VERSION = 1;
				DEVELOPMENT_ASSET_PATHS = "\"Gymgraze/Preview Content\"";
				DEVELOPMENT_TEAM = B3N5CV4QAH;
				ENABLE_PREVIEWS = YES;
				GENERATE_INFOPLIST_FILE = YES;
				INFOPLIST_FILE = Gymgraze/Info.plist;
				INFOPLIST_KEY_NSCameraUsageDescription = "This app needs access to the camera to scan barcodes";
				INFOPLIST_KEY_UIApplicationSceneManifest_Generation = YES;
				INFOPLIST_KEY_UIApplicationSupportsIndirectInputEvents = YES;
				INFOPLIST_KEY_UILaunchScreen_Generation = YES;
				INFOPLIST_KEY_UISupportedInterfaceOrientations_iPad = "UIInterfaceOrientationPortrait UIInterfaceOrientationPortraitUpsideDown UIInterfaceOrientationLandscapeLeft UIInterfaceOrientationLandscapeRight";
				INFOPLIST_KEY_UISupportedInterfaceOrientations_iPhone = "UIInterfaceOrientationPortrait UIInterfaceOrientationLandscapeLeft UIInterfaceOrientationLandscapeRight";
				LD_RUNPATH_SEARCH_PATHS = (
					"$(inherited)",
					"@executable_path/Frameworks",
				);
				MARKETING_VERSION = 1.0;
				PRODUCT_BUNDLE_IDENTIFIER = ibskoric.intercom.Gymgraze;
				PRODUCT_NAME = "$(TARGET_NAME)";
				PROVISIONING_PROFILE_SPECIFIER = "";
				SWIFT_EMIT_LOC_STRINGS = YES;
				SWIFT_VERSION = 5.0;
				TARGETED_DEVICE_FAMILY = "1,2";
			};
			name = Release;
		};
/* End XCBuildConfiguration section */

/* Begin XCConfigurationList section */
		21D67E702B2B4522005FAC79 /* Build configuration list for PBXProject "Gymgraze" */ = {
			isa = XCConfigurationList;
			buildConfigurations = (
				21D67E812B2B4523005FAC79 /* Debug */,
				21D67E822B2B4523005FAC79 /* Release */,
			);
			defaultConfigurationIsVisible = 0;
			defaultConfigurationName = Release;
		};
		21D67E832B2B4523005FAC79 /* Build configuration list for PBXNativeTarget "Gymgraze" */ = {
			isa = XCConfigurationList;
			buildConfigurations = (
				21D67E842B2B4523005FAC79 /* Debug */,
				21D67E852B2B4523005FAC79 /* Release */,
			);
			defaultConfigurationIsVisible = 0;
			defaultConfigurationName = Release;
		};
/* End XCConfigurationList section */
	};
	rootObject = 21D67E6D2B2B4522005FAC79 /* Project object */;
}
